{
  "name": "release-scripts",
  "version": "1.0.0",
  "lockfileVersion": 3,
  "requires": true,
  "packages": {
    "": {
      "name": "release-scripts",
      "version": "1.0.0",
      "dependencies": {
        "@octokit/rest": "^21.0.2",
        "@slack/webhook": "^7.0.3",
        "@anthropic-ai/sdk": "^0.39.0"
      }
    }
  }
}
